
Microsoft Visual Studio Solution File, Format Version 12.00
# Visual Studio Version 17
VisualStudioVersion = 17.0.32112.339
MinimumVisualStudioVersion = 10.0.40219.1
Project("{9A19103F-16F7-4668-BE54-9A1E7A4F7556}") = "JN_Aplicacion_Proyecto", "JN_Aplicacion\JN_Aplicacion_Proyecto.csproj", "{19916E61-87AC-46C9-9EFB-024658030415}"
EndProject
Project("{9A19103F-16F7-4668-BE54-9A1E7A4F7556}") = "JN_Servicio", "..\..\Proyecto_Aplicacion_V5\Proyecto_Aplicacion_V4\JN_Servicio\JN_Servicio.csproj", "{B3A2E541-2039-49EC-972B-1E375BF07095}"
EndProject
Global
	GlobalSection(SolutionConfigurationPlatforms) = preSolution
		Debug|Any CPU = Debug|Any CPU
		Release|Any CPU = Release|Any CPU
	EndGlobalSection
	GlobalSection(ProjectConfigurationPlatforms) = postSolution
		{19916E61-87AC-46C9-9EFB-024658030415}.Debug|Any CPU.ActiveCfg = Debug|Any CPU
		{19916E61-87AC-46C9-9EFB-024658030415}.Debug|Any CPU.Build.0 = Debug|Any CPU
		{19916E61-87AC-46C9-9EFB-024658030415}.Release|Any CPU.ActiveCfg = Release|Any CPU
		{19916E61-87AC-46C9-9EFB-024658030415}.Release|Any CPU.Build.0 = Release|Any CPU
		{B3A2E541-2039-49EC-972B-1E375BF07095}.Debug|Any CPU.ActiveCfg = Debug|Any CPU
		{B3A2E541-2039-49EC-972B-1E375BF07095}.Debug|Any CPU.Build.0 = Debug|Any CPU
		{B3A2E541-2039-49EC-972B-1E375BF07095}.Release|Any CPU.ActiveCfg = Release|Any CPU
		{B3A2E541-2039-49EC-972B-1E375BF07095}.Release|Any CPU.Build.0 = Release|Any CPU
	EndGlobalSection
	GlobalSection(SolutionProperties) = preSolution
		HideSolutionNode = FALSE
	EndGlobalSection
	GlobalSection(ExtensibilityGlobals) = postSolution
		SolutionGuid = {29BD7B98-A810-41B7-9810-3E965A11EAD2}
	EndGlobalSection
EndGlobal
